// !$*UTF8*$!
{
	archiveVersion = 1;
	classes = {
	};
	objectVersion = 50;
	objects = {

/* Begin PBXBuildFile section */
		CB39576420B28C5C00709E76 /* AppDelegate.swift in Sources */ = {isa = PBXBuildFile; fileRef = CB39576320B28C5C00709E76 /* AppDelegate.swift */; };
		CB39576620B28C5C00709E76 /* SelectionController.swift in Sources */ = {isa = PBXBuildFile; fileRef = CB39576520B28C5C00709E76 /* SelectionController.swift */; };
		CB39576920B28C5C00709E76 /* Main.storyboard in Resources */ = {isa = PBXBuildFile; fileRef = CB39576720B28C5C00709E76 /* Main.storyboard */; };
		CB39576B20B28C5D00709E76 /* Assets.xcassets in Resources */ = {isa = PBXBuildFile; fileRef = CB39576A20B28C5D00709E76 /* Assets.xcassets */; };
		CB39576E20B28C5D00709E76 /* LaunchScreen.storyboard in Resources */ = {isa = PBXBuildFile; fileRef = CB39576C20B28C5D00709E76 /* LaunchScreen.storyboard */; };
		CB39577920B28C5D00709E76 /* HindiOCRTests.swift in Sources */ = {isa = PBXBuildFile; fileRef = CB39577820B28C5D00709E76 /* HindiOCRTests.swift */; };
		CB39578420B28C5D00709E76 /* HindiOCRUITests.swift in Sources */ = {isa = PBXBuildFile; fileRef = CB39578320B28C5D00709E76 /* HindiOCRUITests.swift */; };
		CB39579220B28CCF00709E76 /* CameraController.swift in Sources */ = {isa = PBXBuildFile; fileRef = CB39579120B28CCF00709E76 /* CameraController.swift */; };
/* End PBXBuildFile section */

/* Begin PBXContainerItemProxy section */
		CB39577520B28C5D00709E76 /* PBXContainerItemProxy */ = {
			isa = PBXContainerItemProxy;
			containerPortal = CB39575820B28C5C00709E76 /* Project object */;
			proxyType = 1;
			remoteGlobalIDString = CB39575F20B28C5C00709E76;
			remoteInfo = HindiOCR;
		};
		CB39578020B28C5D00709E76 /* PBXContainerItemProxy */ = {
			isa = PBXContainerItemProxy;
			containerPortal = CB39575820B28C5C00709E76 /* Project object */;
			proxyType = 1;
			remoteGlobalIDString = CB39575F20B28C5C00709E76;
			remoteInfo = HindiOCR;
		};
/* End PBXContainerItemProxy section */

/* Begin PBXFileReference section */
		CB39576020B28C5C00709E76 /* HindiOCR.app */ = {isa = PBXFileReference; explicitFileType = wrapper.application; includeInIndex = 0; path = HindiOCR.app; sourceTree = BUILT_PRODUCTS_DIR; };
		CB39576320B28C5C00709E76 /* AppDelegate.swift */ = {isa = PBXFileReference; lastKnownFileType = sourcecode.swift; path = AppDelegate.swift; sourceTree = "<group>"; };
		CB39576520B28C5C00709E76 /* SelectionController.swift */ = {isa = PBXFileReference; lastKnownFileType = sourcecode.swift; path = SelectionController.swift; sourceTree = "<group>"; };
		CB39576820B28C5C00709E76 /* Base */ = {isa = PBXFileReference; lastKnownFileType = file.storyboard; name = Base; path = Base.lproj/Main.storyboard; sourceTree = "<group>"; };
		CB39576A20B28C5D00709E76 /* Assets.xcassets */ = {isa = PBXFileReference; lastKnownFileType = folder.assetcatalog; path = Assets.xcassets; sourceTree = "<group>"; };
		CB39576D20B28C5D00709E76 /* Base */ = {isa = PBXFileReference; lastKnownFileType = file.storyboard; name = Base; path = Base.lproj/LaunchScreen.storyboard; sourceTree = "<group>"; };
		CB39576F20B28C5D00709E76 /* Info.plist */ = {isa = PBXFileReference; lastKnownFileType = text.plist.xml; path = Info.plist; sourceTree = "<group>"; };
		CB39577420B28C5D00709E76 /* HindiOCRTests.xctest */ = {isa = PBXFileReference; explicitFileType = wrapper.cfbundle; includeInIndex = 0; path = HindiOCRTests.xctest; sourceTree = BUILT_PRODUCTS_DIR; };
		CB39577820B28C5D00709E76 /* HindiOCRTests.swift */ = {isa = PBXFileReference; lastKnownFileType = sourcecode.swift; path = HindiOCRTests.swift; sourceTree = "<group>"; };
		CB39577A20B28C5D00709E76 /* Info.plist */ = {isa = PBXFileReference; lastKnownFileType = text.plist.xml; path = Info.plist; sourceTree = "<group>"; };
		CB39577F20B28C5D00709E76 /* HindiOCRUITests.xctest */ = {isa = PBXFileReference; explicitFileType = wrapper.cfbundle; includeInIndex = 0; path = HindiOCRUITests.xctest; sourceTree = BUILT_PRODUCTS_DIR; };
		CB39578320B28C5D00709E76 /* HindiOCRUITests.swift */ = {isa = PBXFileReference; lastKnownFileType = sourcecode.swift; path = HindiOCRUITests.swift; sourceTree = "<group>"; };
		CB39578520B28C5D00709E76 /* Info.plist */ = {isa = PBXFileReference; lastKnownFileType = text.plist.xml; path = Info.plist; sourceTree = "<group>"; };
		CB39579120B28CCF00709E76 /* CameraController.swift */ = {isa = PBXFileReference; lastKnownFileType = sourcecode.swift; path = CameraController.swift; sourceTree = "<group>"; };
/* End PBXFileReference section */

/* Begin PBXFrameworksBuildPhase section */
		CB39575D20B28C5C00709E76 /* Frameworks */ = {
			isa = PBXFrameworksBuildPhase;
			buildActionMask = 2147483647;
			files = (
			);
			runOnlyForDeploymentPostprocessing = 0;
		};
		CB39577120B28C5D00709E76 /* Frameworks */ = {
			isa = PBXFrameworksBuildPhase;
			buildActionMask = 2147483647;
			files = (
			);
			runOnlyForDeploymentPostprocessing = 0;
		};
		CB39577C20B28C5D00709E76 /* Frameworks */ = {
			isa = PBXFrameworksBuildPhase;
			buildActionMask = 2147483647;
			files = (
			);
			runOnlyForDeploymentPostprocessing = 0;
		};
/* End PBXFrameworksBuildPhase section */

/* Begin PBXGroup section */
		CB39575720B28C5C00709E76 = {
			isa = PBXGroup;
			children = (
				CB39576220B28C5C00709E76 /* HindiOCR */,
				CB39577720B28C5D00709E76 /* HindiOCRTests */,
				CB39578220B28C5D00709E76 /* HindiOCRUITests */,
				CB39576120B28C5C00709E76 /* Products */,
			);
			sourceTree = "<group>";
		};
		CB39576120B28C5C00709E76 /* Products */ = {
			isa = PBXGroup;
			children = (
				CB39576020B28C5C00709E76 /* HindiOCR.app */,
				CB39577420B28C5D00709E76 /* HindiOCRTests.xctest */,
				CB39577F20B28C5D00709E76 /* HindiOCRUITests.xctest */,
			);
			name = Products;
			sourceTree = "<group>";
		};
		CB39576220B28C5C00709E76 /* HindiOCR */ = {
			isa = PBXGroup;
			children = (
				CB39576320B28C5C00709E76 /* AppDelegate.swift */,
				CB39576520B28C5C00709E76 /* SelectionController.swift */,
				CB39579120B28CCF00709E76 /* CameraController.swift */,
				CB39576720B28C5C00709E76 /* Main.storyboard */,
				CB39576A20B28C5D00709E76 /* Assets.xcassets */,
				CB39576C20B28C5D00709E76 /* LaunchScreen.storyboard */,
				CB39576F20B28C5D00709E76 /* Info.plist */,
			);
			path = HindiOCR;
			sourceTree = "<group>";
		};
		CB39577720B28C5D00709E76 /* HindiOCRTests */ = {
			isa = PBXGroup;
			children = (
				CB39577820B28C5D00709E76 /* HindiOCRTests.swift */,
				CB39577A20B28C5D00709E76 /* Info.plist */,
			);
			path = HindiOCRTests;
			sourceTree = "<group>";
		};
		CB39578220B28C5D00709E76 /* HindiOCRUITests */ = {
			isa = PBXGroup;
			children = (
				CB39578320B28C5D00709E76 /* HindiOCRUITests.swift */,
				CB39578520B28C5D00709E76 /* Info.plist */,
			);
			path = HindiOCRUITests;
			sourceTree = "<group>";
		};
/* End PBXGroup section */

/* Begin PBXNativeTarget section */
		CB39575F20B28C5C00709E76 /* HindiOCR */ = {
			isa = PBXNativeTarget;
			buildConfigurationList = CB39578820B28C5D00709E76 /* Build configuration list for PBXNativeTarget "HindiOCR" */;
			buildPhases = (
				CB39575C20B28C5C00709E76 /* Sources */,
				CB39575D20B28C5C00709E76 /* Frameworks */,
				CB39575E20B28C5C00709E76 /* Resources */,
			);
			buildRules = (
			);
			dependencies = (
			);
			name = HindiOCR;
			productName = HindiOCR;
			productReference = CB39576020B28C5C00709E76 /* HindiOCR.app */;
			productType = "com.apple.product-type.application";
		};
		CB39577320B28C5D00709E76 /* HindiOCRTests */ = {
			isa = PBXNativeTarget;
			buildConfigurationList = CB39578B20B28C5D00709E76 /* Build configuration list for PBXNativeTarget "HindiOCRTests" */;
			buildPhases = (
				CB39577020B28C5D00709E76 /* Sources */,
				CB39577120B28C5D00709E76 /* Frameworks */,
				CB39577220B28C5D00709E76 /* Resources */,
			);
			buildRules = (
			);
			dependencies = (
				CB39577620B28C5D00709E76 /* PBXTargetDependency */,
			);
			name = HindiOCRTests;
			productName = HindiOCRTests;
			productReference = CB39577420B28C5D00709E76 /* HindiOCRTests.xctest */;
			productType = "com.apple.product-type.bundle.unit-test";
		};
		CB39577E20B28C5D00709E76 /* HindiOCRUITests */ = {
			isa = PBXNativeTarget;
			buildConfigurationList = CB39578E20B28C5D00709E76 /* Build configuration list for PBXNativeTarget "HindiOCRUITests" */;
			buildPhases = (
				CB39577B20B28C5D00709E76 /* Sources */,
				CB39577C20B28C5D00709E76 /* Frameworks */,
				CB39577D20B28C5D00709E76 /* Resources */,
			);
			buildRules = (
			);
			dependencies = (
				CB39578120B28C5D00709E76 /* PBXTargetDependency */,
			);
			name = HindiOCRUITests;
			productName = HindiOCRUITests;
			productReference = CB39577F20B28C5D00709E76 /* HindiOCRUITests.xctest */;
			productType = "com.apple.product-type.bundle.ui-testing";
		};
/* End PBXNativeTarget section */

/* Begin PBXProject section */
		CB39575820B28C5C00709E76 /* Project object */ = {
			isa = PBXProject;
			attributes = {
				LastSwiftUpdateCheck = 0930;
				LastUpgradeCheck = 0930;
				ORGANIZATIONNAME = "Laikh Tewari";
				TargetAttributes = {
					CB39575F20B28C5C00709E76 = {
						CreatedOnToolsVersion = 9.3.1;
					};
					CB39577320B28C5D00709E76 = {
						CreatedOnToolsVersion = 9.3.1;
						TestTargetID = CB39575F20B28C5C00709E76;
					};
					CB39577E20B28C5D00709E76 = {
						CreatedOnToolsVersion = 9.3.1;
						TestTargetID = CB39575F20B28C5C00709E76;
					};
				};
			};
			buildConfigurationList = CB39575B20B28C5C00709E76 /* Build configuration list for PBXProject "HindiOCR" */;
			compatibilityVersion = "Xcode 9.3";
			developmentRegion = en;
			hasScannedForEncodings = 0;
			knownRegions = (
				en,
				Base,
			);
			mainGroup = CB39575720B28C5C00709E76;
			productRefGroup = CB39576120B28C5C00709E76 /* Products */;
			projectDirPath = "";
			projectRoot = "";
			targets = (
				CB39575F20B28C5C00709E76 /* HindiOCR */,
				CB39577320B28C5D00709E76 /* HindiOCRTests */,
				CB39577E20B28C5D00709E76 /* HindiOCRUITests */,
			);
		};
/* End PBXProject section */

/* Begin PBXResourcesBuildPhase section */
		CB39575E20B28C5C00709E76 /* Resources */ = {
			isa = PBXResourcesBuildPhase;
			buildActionMask = 2147483647;
			files = (
				CB39576E20B28C5D00709E76 /* LaunchScreen.storyboard in Resources */,
				CB39576B20B28C5D00709E76 /* Assets.xcassets in Resources */,
				CB39576920B28C5C00709E76 /* Main.storyboard in Resources */,
			);
			runOnlyForDeploymentPostprocessing = 0;
		};
		CB39577220B28C5D00709E76 /* Resources */ = {
			isa = PBXResourcesBuildPhase;
			buildActionMask = 2147483647;
			files = (
			);
			runOnlyForDeploymentPostprocessing = 0;
		};
		CB39577D20B28C5D00709E76 /* Resources */ = {
			isa = PBXResourcesBuildPhase;
			buildActionMask = 2147483647;
			files = (
			);
			runOnlyForDeploymentPostprocessing = 0;
		};
/* End PBXResourcesBuildPhase section */

/* Begin PBXSourcesBuildPhase section */
		CB39575C20B28C5C00709E76 /* Sources */ = {
			isa = PBXSourcesBuildPhase;
			buildActionMask = 2147483647;
			files = (
				CB39579220B28CCF00709E76 /* CameraController.swift in Sources */,
				CB39576620B28C5C00709E76 /* SelectionController.swift in Sources */,
				CB39576420B28C5C00709E76 /* AppDelegate.swift in Sources */,
			);
			runOnlyForDeploymentPostprocessing = 0;
		};
		CB39577020B28C5D00709E76 /* Sources */ = {
			isa = PBXSourcesBuildPhase;
			buildActionMask = 2147483647;
			files = (
				CB39577920B28C5D00709E76 /* HindiOCRTests.swift in Sources */,
			);
			runOnlyForDeploymentPostprocessing = 0;
		};
		CB39577B20B28C5D00709E76 /* Sources */ = {
			isa = PBXSourcesBuildPhase;
			buildActionMask = 2147483647;
			files = (
				CB39578420B28C5D00709E76 /* HindiOCRUITests.swift in Sources */,
			);
			runOnlyForDeploymentPostprocessing = 0;
		};
/* End PBXSourcesBuildPhase section */

/* Begin PBXTargetDependency section */
		CB39577620B28C5D00709E76 /* PBXTargetDependency */ = {
			isa = PBXTargetDependency;
			target = CB39575F20B28C5C00709E76 /* HindiOCR */;
			targetProxy = CB39577520B28C5D00709E76 /* PBXContainerItemProxy */;
		};
		CB39578120B28C5D00709E76 /* PBXTargetDependency */ = {
			isa = PBXTargetDependency;
			target = CB39575F20B28C5C00709E76 /* HindiOCR */;
			targetProxy = CB39578020B28C5D00709E76 /* PBXContainerItemProxy */;
		};
/* End PBXTargetDependency section */

/* Begin PBXVariantGroup section */
		CB39576720B28C5C00709E76 /* Main.storyboard */ = {
			isa = PBXVariantGroup;
			children = (
				CB39576820B28C5C00709E76 /* Base */,
			);
			name = Main.storyboard;
			sourceTree = "<group>";
		};
		CB39576C20B28C5D00709E76 /* LaunchScreen.storyboard */ = {
			isa = PBXVariantGroup;
			children = (
				CB39576D20B28C5D00709E76 /* Base */,
			);
			name = LaunchScreen.storyboard;
			sourceTree = "<group>";
		};
/* End PBXVariantGroup section */

/* Begin XCBuildConfiguration section */
		CB39578620B28C5D00709E76 /* Debug */ = {
			isa = XCBuildConfiguration;
			buildSettings = {
				ALWAYS_SEARCH_USER_PATHS = NO;
				CLANG_ANALYZER_NONNULL = YES;
				CLANG_ANALYZER_NUMBER_OBJECT_CONVERSION = YES_AGGRESSIVE;
				CLANG_CXX_LANGUAGE_STANDARD = "gnu++14";
				CLANG_CXX_LIBRARY = "libc++";
				CLANG_ENABLE_MODULES = YES;
				CLANG_ENABLE_OBJC_ARC = YES;
				CLANG_ENABLE_OBJC_WEAK = YES;
				CLANG_WARN_BLOCK_CAPTURE_AUTORELEASING = YES;
				CLANG_WARN_BOOL_CONVERSION = YES;
				CLANG_WARN_COMMA = YES;
				CLANG_WARN_CONSTANT_CONVERSION = YES;
				CLANG_WARN_DEPRECATED_OBJC_IMPLEMENTATIONS = YES;
				CLANG_WARN_DIRECT_OBJC_ISA_USAGE = YES_ERROR;
				CLANG_WARN_DOCUMENTATION_COMMENTS = YES;
				CLANG_WARN_EMPTY_BODY = YES;
				CLANG_WARN_ENUM_CONVERSION = YES;
				CLANG_WARN_INFINITE_RECURSION = YES;
				CLANG_WARN_INT_CONVERSION = YES;
				CLANG_WARN_NON_LITERAL_NULL_CONVERSION = YES;
				CLANG_WARN_OBJC_IMPLICIT_RETAIN_SELF = YES;
				CLANG_WARN_OBJC_LITERAL_CONVERSION = YES;
				CLANG_WARN_OBJC_ROOT_CLASS = YES_ERROR;
				CLANG_WARN_RANGE_LOOP_ANALYSIS = YES;
				CLANG_WARN_STRICT_PROTOTYPES = YES;
				CLANG_WARN_SUSPICIOUS_MOVE = YES;
				CLANG_WARN_UNGUARDED_AVAILABILITY = YES_AGGRESSIVE;
				CLANG_WARN_UNREACHABLE_CODE = YES;
				CLANG_WARN__DUPLICATE_METHOD_MATCH = YES;
				CODE_SIGN_IDENTITY = "iPhone Developer";
				COPY_PHASE_STRIP = NO;
				DEBUG_INFORMATION_FORMAT = dwarf;
				ENABLE_STRICT_OBJC_MSGSEND = YES;
				ENABLE_TESTABILITY = YES;
				GCC_C_LANGUAGE_STANDARD = gnu11;
				GCC_DYNAMIC_NO_PIC = NO;
				GCC_NO_COMMON_BLOCKS = YES;
				GCC_OPTIMIZATION_LEVEL = 0;
				GCC_PREPROCESSOR_DEFINITIONS = (
					"DEBUG=1",
					"$(inherited)",
				);
				GCC_WARN_64_TO_32_BIT_CONVERSION = YES;
				GCC_WARN_ABOUT_RETURN_TYPE = YES_ERROR;
				GCC_WARN_UNDECLARED_SELECTOR = YES;
				GCC_WARN_UNINITIALIZED_AUTOS = YES_AGGRESSIVE;
				GCC_WARN_UNUSED_FUNCTION = YES;
				GCC_WARN_UNUSED_VARIABLE = YES;
				IPHONEOS_DEPLOYMENT_TARGET = 11.3;
				MTL_ENABLE_DEBUG_INFO = YES;
				ONLY_ACTIVE_ARCH = YES;
				SDKROOT = iphoneos;
				SWIFT_ACTIVE_COMPILATION_CONDITIONS = DEBUG;
				SWIFT_OPTIMIZATION_LEVEL = "-Onone";
			};
			name = Debug;
		};
		CB39578720B28C5D00709E76 /* Release */ = {
			isa = XCBuildConfiguration;
			buildSettings = {
				ALWAYS_SEARCH_USER_PATHS = NO;
				CLANG_ANALYZER_NONNULL = YES;
				CLANG_ANALYZER_NUMBER_OBJECT_CONVERSION = YES_AGGRESSIVE;
				CLANG_CXX_LANGUAGE_STANDARD = "gnu++14";
				CLANG_CXX_LIBRARY = "libc++";
				CLANG_ENABLE_MODULES = YES;
				CLANG_ENABLE_OBJC_ARC = YES;
				CLANG_ENABLE_OBJC_WEAK = YES;
				CLANG_WARN_BLOCK_CAPTURE_AUTORELEASING = YES;
				CLANG_WARN_BOOL_CONVERSION = YES;
				CLANG_WARN_COMMA = YES;
				CLANG_WARN_CONSTANT_CONVERSION = YES;
				CLANG_WARN_DEPRECATED_OBJC_IMPLEMENTATIONS = YES;
				CLANG_WARN_DIRECT_OBJC_ISA_USAGE = YES_ERROR;
				CLANG_WARN_DOCUMENTATION_COMMENTS = YES;
				CLANG_WARN_EMPTY_BODY = YES;
				CLANG_WARN_ENUM_CONVERSION = YES;
				CLANG_WARN_INFINITE_RECURSION = YES;
				CLANG_WARN_INT_CONVERSION = YES;
				CLANG_WARN_NON_LITERAL_NULL_CONVERSION = YES;
				CLANG_WARN_OBJC_IMPLICIT_RETAIN_SELF = YES;
				CLANG_WARN_OBJC_LITERAL_CONVERSION = YES;
				CLANG_WARN_OBJC_ROOT_CLASS = YES_ERROR;
				CLANG_WARN_RANGE_LOOP_ANALYSIS = YES;
				CLANG_WARN_STRICT_PROTOTYPES = YES;
				CLANG_WARN_SUSPICIOUS_MOVE = YES;
				CLANG_WARN_UNGUARDED_AVAILABILITY = YES_AGGRESSIVE;
				CLANG_WARN_UNREACHABLE_CODE = YES;
				CLANG_WARN__DUPLICATE_METHOD_MATCH = YES;
				CODE_SIGN_IDENTITY = "iPhone Developer";
				COPY_PHASE_STRIP = NO;
				DEBUG_INFORMATION_FORMAT = "dwarf-with-dsym";
				ENABLE_NS_ASSERTIONS = NO;
				ENABLE_STRICT_OBJC_MSGSEND = YES;
				GCC_C_LANGUAGE_STANDARD = gnu11;
				GCC_NO_COMMON_BLOCKS = YES;
				GCC_WARN_64_TO_32_BIT_CONVERSION = YES;
				GCC_WARN_ABOUT_RETURN_TYPE = YES_ERROR;
				GCC_WARN_UNDECLARED_SELECTOR = YES;
				GCC_WARN_UNINITIALIZED_AUTOS = YES_AGGRESSIVE;
				GCC_WARN_UNUSED_FUNCTION = YES;
				GCC_WARN_UNUSED_VARIABLE = YES;
				IPHONEOS_DEPLOYMENT_TARGET = 11.3;
				MTL_ENABLE_DEBUG_INFO = NO;
				SDKROOT = iphoneos;
				SWIFT_COMPILATION_MODE = wholemodule;
				SWIFT_OPTIMIZATION_LEVEL = "-O";
				VALIDATE_PRODUCT = YES;
			};
			name = Release;
		};
		CB39578920B28C5D00709E76 /* Debug */ = {
			isa = XCBuildConfiguration;
			buildSettings = {
				ASSETCATALOG_COMPILER_APPICON_NAME = AppIcon;
				CODE_SIGN_STYLE = Automatic;
				DEVELOPMENT_TEAM = TJN5RF4DPT;
				INFOPLIST_FILE = HindiOCR/Info.plist;
				LD_RUNPATH_SEARCH_PATHS = (
					"$(inherited)",
					"@executable_path/Frameworks",
				);
				PRODUCT_BUNDLE_IDENTIFIER = com.LaikhTewari.SeniorProject;
				PRODUCT_NAME = "$(TARGET_NAME)";
				SWIFT_VERSION = 4.0;
				TARGETED_DEVICE_FAMILY = "1,2";
			};
			name = Debug;
		};
		CB39578A20B28C5D00709E76 /* Release */ = {
			isa = XCBuildConfiguration;
			buildSettings = {
				ASSETCATALOG_COMPILER_APPICON_NAME = AppIcon;
				CODE_SIGN_STYLE = Automatic;
				DEVELOPMENT_TEAM = TJN5RF4DPT;
				INFOPLIST_FILE = HindiOCR/Info.plist;
				LD_RUNPATH_SEARCH_PATHS = (
					"$(inherited)",
					"@executable_path/Frameworks",
				);
				PRODUCT_BUNDLE_IDENTIFIER = com.LaikhTewari.SeniorProject;
				PRODUCT_NAME = "$(TARGET_NAME)";
				SWIFT_VERSION = 4.0;
				TARGETED_DEVICE_FAMILY = "1,2";
			};
			name = Release;
		};
		CB39578C20B28C5D00709E76 /* Debug */ = {
			isa = XCBuildConfiguration;
			buildSettings = {
				ALWAYS_EMBED_SWIFT_STANDARD_LIBRARIES = YES;
				BUNDLE_LOADER = "$(TEST_HOST)";
				CODE_SIGN_STYLE = Automatic;
				INFOPLIST_FILE = HindiOCRTests/Info.plist;
				LD_RUNPATH_SEARCH_PATHS = (
					"$(inherited)",
					"@executable_path/Frameworks",
					"@loader_path/Frameworks",
				);
				PRODUCT_BUNDLE_IDENTIFIER = com.LaikhTewari.HindiOCRTests;
				PRODUCT_NAME = "$(TARGET_NAME)";
				SWIFT_VERSION = 4.0;
				TARGETED_DEVICE_FAMILY = "1,2";
				TEST_HOST = "$(BUILT_PRODUCTS_DIR)/HindiOCR.app/HindiOCR";
			};
			name = Debug;
		};
		CB39578D20B28C5D00709E76 /* Release */ = {
			isa = XCBuildConfiguration;
			buildSettings = {
				ALWAYS_EMBED_SWIFT_STANDARD_LIBRARIES = YES;
				BUNDLE_LOADER = "$(TEST_HOST)";
				CODE_SIGN_STYLE = Automatic;
				INFOPLIST_FILE = HindiOCRTests/Info.plist;
				LD_RUNPATH_SEARCH_PATHS = (
					"$(inherited)",
					"@executable_path/Frameworks",
					"@loader_path/Frameworks",
				);
				PRODUCT_BUNDLE_IDENTIFIER = com.LaikhTewari.HindiOCRTests;
				PRODUCT_NAME = "$(TARGET_NAME)";
				SWIFT_VERSION = 4.0;
				TARGETED_DEVICE_FAMILY = "1,2";
				TEST_HOST = "$(BUILT_PRODUCTS_DIR)/HindiOCR.app/HindiOCR";
			};
			name = Release;
		};
		CB39578F20B28C5D00709E76 /* Debug */ = {
			isa = XCBuildConfiguration;
			buildSettings = {
				ALWAYS_EMBED_SWIFT_STANDARD_LIBRARIES = YES;
				CODE_SIGN_STYLE = Automatic;
				INFOPLIST_FILE = HindiOCRUITests/Info.plist;
				LD_RUNPATH_SEARCH_PATHS = (
					"$(inherited)",
					"@executable_path/Frameworks",
					"@loader_path/Frameworks",
				);
				PRODUCT_BUNDLE_IDENTIFIER = com.LaikhTewari.HindiOCRUITests;
				PRODUCT_NAME = "$(TARGET_NAME)";
				SWIFT_VERSION = 4.0;
				TARGETED_DEVICE_FAMILY = "1,2";
				TEST_TARGET_NAME = HindiOCR;
			};
			name = Debug;
		};
		CB39579020B28C5D00709E76 /* Release */ = {
			isa = XCBuildConfiguration;
			buildSettings = {
				ALWAYS_EMBED_SWIFT_STANDARD_LIBRARIES = YES;
				CODE_SIGN_STYLE = Automatic;
				INFOPLIST_FILE = HindiOCRUITests/Info.plist;
				LD_RUNPATH_SEARCH_PATHS = (
					"$(inherited)",
					"@executable_path/Frameworks",
					"@loader_path/Frameworks",
				);
				PRODUCT_BUNDLE_IDENTIFIER = com.LaikhTewari.HindiOCRUITests;
				PRODUCT_NAME = "$(TARGET_NAME)";
				SWIFT_VERSION = 4.0;
				TARGETED_DEVICE_FAMILY = "1,2";
				TEST_TARGET_NAME = HindiOCR;
			};
			name = Release;
		};
/* End XCBuildConfiguration section */

/* Begin XCConfigurationList section */
		CB39575B20B28C5C00709E76 /* Build configuration list for PBXProject "HindiOCR" */ = {
			isa = XCConfigurationList;
			buildConfigurations = (
				CB39578620B28C5D00709E76 /* Debug */,
				CB39578720B28C5D00709E76 /* Release */,
			);
			defaultConfigurationIsVisible = 0;
			defaultConfigurationName = Release;
		};
		CB39578820B28C5D00709E76 /* Build configuration list for PBXNativeTarget "HindiOCR" */ = {
			isa = XCConfigurationList;
			buildConfigurations = (
				CB39578920B28C5D00709E76 /* Debug */,
				CB39578A20B28C5D00709E76 /* Release */,
			);
			defaultConfigurationIsVisible = 0;
			defaultConfigurationName = Release;
		};
		CB39578B20B28C5D00709E76 /* Build configuration list for PBXNativeTarget "HindiOCRTests" */ = {
			isa = XCConfigurationList;
			buildConfigurations = (
				CB39578C20B28C5D00709E76 /* Debug */,
				CB39578D20B28C5D00709E76 /* Release */,
			);
			defaultConfigurationIsVisible = 0;
			defaultConfigurationName = Release;
		};
		CB39578E20B28C5D00709E76 /* Build configuration list for PBXNativeTarget "HindiOCRUITests" */ = {
			isa = XCConfigurationList;
			buildConfigurations = (
				CB39578F20B28C5D00709E76 /* Debug */,
				CB39579020B28C5D00709E76 /* Release */,
			);
			defaultConfigurationIsVisible = 0;
			defaultConfigurationName = Release;
		};
/* End XCConfigurationList section */
	};
	rootObject = CB39575820B28C5C00709E76 /* Project object */;
}
